
Microsoft Visual Studio Solution File, Format Version 12.00
# Visual Studio Version 16
VisualStudioVersion = 16.0.30320.27
MinimumVisualStudioVersion = 10.0.40219.1
Project("{9A19103F-16F7-4668-BE54-9A1E7A4F7556}") = "Gcd", "Gcd\Gcd.csproj", "{34916415-3631-4620-8F0D-799BA5469064}"
EndProject
Project("{9A19103F-16F7-4668-BE54-9A1E7A4F7556}") = "Gcd.Tests", "Gcd.Tests\Gcd.Tests.csproj", "{84F3A024-CAAB-45F1-86F9-7580372281E7}"
EndProject
Project("{2150E333-8FDC-42A3-9474-1A3956D46DE8}") = "Solution Items", "Solution Items", "{56A55645-DE46-4A05-A371-74B060B1B944}"
	ProjectSection(SolutionItems) = preProject
		README.md = README.md
	EndProjectSection
EndProject
Global
	GlobalSection(SolutionConfigurationPlatforms) = preSolution
		Debug|Any CPU = Debug|Any CPU
		Release|Any CPU = Release|Any CPU
	EndGlobalSection
	GlobalSection(ProjectConfigurationPlatforms) = postSolution
		{34916415-3631-4620-8F0D-799BA5469064}.Debug|Any CPU.ActiveCfg = Debug|Any CPU
		{34916415-3631-4620-8F0D-799BA5469064}.Debug|Any CPU.Build.0 = Debug|Any CPU
		{34916415-3631-4620-8F0D-799BA5469064}.Release|Any CPU.ActiveCfg = Release|Any CPU
		{34916415-3631-4620-8F0D-799BA5469064}.Release|Any CPU.Build.0 = Release|Any CPU
		{84F3A024-CAAB-45F1-86F9-7580372281E7}.Debug|Any CPU.ActiveCfg = Debug|Any CPU
		{84F3A024-CAAB-45F1-86F9-7580372281E7}.Debug|Any CPU.Build.0 = Debug|Any CPU
		{84F3A024-CAAB-45F1-86F9-7580372281E7}.Release|Any CPU.ActiveCfg = Release|Any CPU
		{84F3A024-CAAB-45F1-86F9-7580372281E7}.Release|Any CPU.Build.0 = Release|Any CPU
	EndGlobalSection
	GlobalSection(SolutionProperties) = preSolution
		HideSolutionNode = FALSE
	EndGlobalSection
	GlobalSection(ExtensibilityGlobals) = postSolution
		SolutionGuid = {55DC4A1C-985C-441D-BF4F-573608805DA8}
	EndGlobalSection
EndGlobal
